dependencies:
- name: helm-product
  repository: oci://ghcr.io/onecx/charts
  version: 0.4.0
- name: onecx-ai-management-svc
  repository: oci://ghcr.io/onecx-apps/charts
  version: 0.0.0-rc.61
digest: sha256:351ab4c84e6f6dd9d11a163006ec59cbf90b8c81057afc2727f443daa195a7cc
generated: "2026-02-03T15:15:49.681062684Z"
